// !$*UTF8*$!
{
	archiveVersion = 1;
	classes = {
	};
	objectVersion = 46;
	objects = {

/* Begin PBXBuildFile section */
		8AA6291E19CA9E8A00EEA57F /* Foundation.framework in Frameworks */ = {isa = PBXBuildFile; fileRef = 8AA6291D19CA9E8A00EEA57F /* Foundation.framework */; };
		8AA6292019CA9E8A00EEA57F /* CoreGraphics.framework in Frameworks */ = {isa = PBXBuildFile; fileRef = 8AA6291F19CA9E8A00EEA57F /* CoreGraphics.framework */; };
		8AA6292219CA9E8A00EEA57F /* UIKit.framework in Frameworks */ = {isa = PBXBuildFile; fileRef = 8AA6292119CA9E8A00EEA57F /* UIKit.framework */; };
		8AA6292819CA9E8A00EEA57F /* InfoPlist.strings in Resources */ = {isa = PBXBuildFile; fileRef = 8AA6292619CA9E8A00EEA57F /* InfoPlist.strings */; };
		8AA6292A19CA9E8A00EEA57F /* main.m in Sources */ = {isa = PBXBuildFile; fileRef = 8AA6292919CA9E8A00EEA57F /* main.m */; };
		8AA6292E19CA9E8A00EEA57F /* AppDelegate.m in Sources */ = {isa = PBXBuildFile; fileRef = 8AA6292D19CA9E8A00EEA57F /* AppDelegate.m */; };
		8AA6293119CA9E8A00EEA57F /* Main.storyboard in Resources */ = {isa = PBXBuildFile; fileRef = 8AA6292F19CA9E8A00EEA57F /* Main.storyboard */; };
		8AA6293419CA9E8A00EEA57F /* ViewController.m in Sources */ = {isa = PBXBuildFile; fileRef = 8AA6293319CA9E8A00EEA57F /* ViewController.m */; };
		8AA6293619CA9E8A00EEA57F /* Images.xcassets in Resources */ = {isa = PBXBuildFile; fileRef = 8AA6293519CA9E8A00EEA57F /* Images.xcassets */; };
		8AA6293D19CA9E8A00EEA57F /* XCTest.framework in Frameworks */ = {isa = PBXBuildFile; fileRef = 8AA6293C19CA9E8A00EEA57F /* XCTest.framework */; };
		8AA6293E19CA9E8A00EEA57F /* Foundation.framework in Frameworks */ = {isa = PBXBuildFile; fileRef = 8AA6291D19CA9E8A00EEA57F /* Foundation.framework */; };
		8AA6293F19CA9E8A00EEA57F /* UIKit.framework in Frameworks */ = {isa = PBXBuildFile; fileRef = 8AA6292119CA9E8A00EEA57F /* UIKit.framework */; };
		8AA6294719CA9E8A00EEA57F /* InfoPlist.strings in Resources */ = {isa = PBXBuildFile; fileRef = 8AA6294519CA9E8A00EEA57F /* InfoPlist.strings */; };
		8AA6294919CA9E8A00EEA57F /* JsonassignmentTests.m in Sources */ = {isa = PBXBuildFile; fileRef = 8AA6294819CA9E8A00EEA57F /* JsonassignmentTests.m */; };
/* End PBXBuildFile section */

/* Begin PBXContainerItemProxy section */
		8AA6294019CA9E8A00EEA57F /* PBXContainerItemProxy */ = {
			isa = PBXContainerItemProxy;
			containerPortal = 8AA6291219CA9E8A00EEA57F /* Project object */;
			proxyType = 1;
			remoteGlobalIDString = 8AA6291919CA9E8A00EEA57F;
			remoteInfo = Jsonassignment;
		};
/* End PBXContainerItemProxy section */

/* Begin PBXFileReference section */
		8AA6291A19CA9E8A00EEA57F /* Jsonassignment.app */ = {isa = PBXFileReference; explicitFileType = wrapper.application; includeInIndex = 0; path = Jsonassignment.app; sourceTree = BUILT_PRODUCTS_DIR; };
		8AA6291D19CA9E8A00EEA57F /* Foundation.framework */ = {isa = PBXFileReference; lastKnownFileType = wrapper.framework; name = Foundation.framework; path = System/Library/Frameworks/Foundation.framework; sourceTree = SDKROOT; };
		8AA6291F19CA9E8A00EEA57F /* CoreGraphics.framework */ = {isa = PBXFileReference; lastKnownFileType = wrapper.framework; name = CoreGraphics.framework; path = System/Library/Frameworks/CoreGraphics.framework; sourceTree = SDKROOT; };
		8AA6292119CA9E8A00EEA57F /* UIKit.framework */ = {isa = PBXFileReference; lastKnownFileType = wrapper.framework; name = UIKit.framework; path = System/Library/Frameworks/UIKit.framework; sourceTree = SDKROOT; };
		8AA6292519CA9E8A00EEA57F /* Jsonassignment-Info.plist */ = {isa = PBXFileReference; lastKnownFileType = text.plist.xml; path = "Jsonassignment-Info.plist"; sourceTree = "<group>"; };
		8AA6292719CA9E8A00EEA57F /* en */ = {isa = PBXFileReference; lastKnownFileType = text.plist.strings; name = en; path = en.lproj/InfoPlist.strings; sourceTree = "<group>"; };
		8AA6292919CA9E8A00EEA57F /* main.m */ = {isa = PBXFileReference; lastKnownFileType = sourcecode.c.objc; path = main.m; sourceTree = "<group>"; };
		8AA6292B19CA9E8A00EEA57F /* Jsonassignment-Prefix.pch */ = {isa = PBXFileReference; lastKnownFileType = sourcecode.c.h; path = "Jsonassignment-Prefix.pch"; sourceTree = "<group>"; };
		8AA6292C19CA9E8A00EEA57F /* AppDelegate.h */ = {isa = PBXFileReference; lastKnownFileType = sourcecode.c.h; path = AppDelegate.h; sourceTree = "<group>"; };
		8AA6292D19CA9E8A00EEA57F /* AppDelegate.m */ = {isa = PBXFileReference; lastKnownFileType = sourcecode.c.objc; path = AppDelegate.m; sourceTree = "<group>"; };
		8AA6293019CA9E8A00EEA57F /* Base */ = {isa = PBXFileReference; lastKnownFileType = file.storyboard; name = Base; path = Base.lproj/Main.storyboard; sourceTree = "<group>"; };
		8AA6293219CA9E8A00EEA57F /* ViewController.h */ = {isa = PBXFileReference; lastKnownFileType = sourcecode.c.h; path = ViewController.h; sourceTree = "<group>"; };
		8AA6293319CA9E8A00EEA57F /* ViewController.m */ = {isa = PBXFileReference; lastKnownFileType = sourcecode.c.objc; path = ViewController.m; sourceTree = "<group>"; };
		8AA6293519CA9E8A00EEA57F /* Images.xcassets */ = {isa = PBXFileReference; lastKnownFileType = folder.assetcatalog; path = Images.xcassets; sourceTree = "<group>"; };
		8AA6293B19CA9E8A00EEA57F /* JsonassignmentTests.xctest */ = {isa = PBXFileReference; explicitFileType = wrapper.cfbundle; includeInIndex = 0; path = JsonassignmentTests.xctest; sourceTree = BUILT_PRODUCTS_DIR; };
		8AA6293C19CA9E8A00EEA57F /* XCTest.framework */ = {isa = PBXFileReference; lastKnownFileType = wrapper.framework; name = XCTest.framework; path = Library/Frameworks/XCTest.framework; sourceTree = DEVELOPER_DIR; };
		8AA6294419CA9E8A00EEA57F /* JsonassignmentTests-Info.plist */ = {isa = PBXFileReference; lastKnownFileType = text.plist.xml; path = "JsonassignmentTests-Info.plist"; sourceTree = "<group>"; };
		8AA6294619CA9E8A00EEA57F /* en */ = {isa = PBXFileReference; lastKnownFileType = text.plist.strings; name = en; path = en.lproj/InfoPlist.strings; sourceTree = "<group>"; };
		8AA6294819CA9E8A00EEA57F /* JsonassignmentTests.m */ = {isa = PBXFileReference; lastKnownFileType = sourcecode.c.objc; path = JsonassignmentTests.m; sourceTree = "<group>"; };
/* End PBXFileReference section */

/* Begin PBXFrameworksBuildPhase section */
		8AA6291719CA9E8A00EEA57F /* Frameworks */ = {
			isa = PBXFrameworksBuildPhase;
			buildActionMask = 2147483647;
			files = (
				8AA6292019CA9E8A00EEA57F /* CoreGraphics.framework in Frameworks */,
				8AA6292219CA9E8A00EEA57F /* UIKit.framework in Frameworks */,
				8AA6291E19CA9E8A00EEA57F /* Foundation.framework in Frameworks */,
			);
			runOnlyForDeploymentPostprocessing = 0;
		};
		8AA6293819CA9E8A00EEA57F /* Frameworks */ = {
			isa = PBXFrameworksBuildPhase;
			buildActionMask = 2147483647;
			files = (
				8AA6293D19CA9E8A00EEA57F /* XCTest.framework in Frameworks */,
				8AA6293F19CA9E8A00EEA57F /* UIKit.framework in Frameworks */,
				8AA6293E19CA9E8A00EEA57F /* Foundation.framework in Frameworks */,
			);
			runOnlyForDeploymentPostprocessing = 0;
		};
/* End PBXFrameworksBuildPhase section */

/* Begin PBXGroup section */
		8AA6291119CA9E8A00EEA57F = {
			isa = PBXGroup;
			children = (
				8AA6292319CA9E8A00EEA57F /* Jsonassignment */,
				8AA6294219CA9E8A00EEA57F /* JsonassignmentTests */,
				8AA6291C19CA9E8A00EEA57F /* Frameworks */,
				8AA6291B19CA9E8A00EEA57F /* Products */,
			);
			sourceTree = "<group>";
		};
		8AA6291B19CA9E8A00EEA57F /* Products */ = {
			isa = PBXGroup;
			children = (
				8AA6291A19CA9E8A00EEA57F /* Jsonassignment.app */,
				8AA6293B19CA9E8A00EEA57F /* JsonassignmentTests.xctest */,
			);
			name = Products;
			sourceTree = "<group>";
		};
		8AA6291C19CA9E8A00EEA57F /* Frameworks */ = {
			isa = PBXGroup;
			children = (
				8AA6291D19CA9E8A00EEA57F /* Foundation.framework */,
				8AA6291F19CA9E8A00EEA57F /* CoreGraphics.framework */,
				8AA6292119CA9E8A00EEA57F /* UIKit.framework */,
				8AA6293C19CA9E8A00EEA57F /* XCTest.framework */,
			);
			name = Frameworks;
			sourceTree = "<group>";
		};
		8AA6292319CA9E8A00EEA57F /* Jsonassignment */ = {
			isa = PBXGroup;
			children = (
				8AA6292C19CA9E8A00EEA57F /* AppDelegate.h */,
				8AA6292D19CA9E8A00EEA57F /* AppDelegate.m */,
				8AA6292F19CA9E8A00EEA57F /* Main.storyboard */,
				8AA6293219CA9E8A00EEA57F /* ViewController.h */,
				8AA6293319CA9E8A00EEA57F /* ViewController.m */,
				8AA6293519CA9E8A00EEA57F /* Images.xcassets */,
				8AA6292419CA9E8A00EEA57F /* Supporting Files */,
			);
			path = Jsonassignment;
			sourceTree = "<group>";
		};
		8AA6292419CA9E8A00EEA57F /* Supporting Files */ = {
			isa = PBXGroup;
			children = (
				8AA6292519CA9E8A00EEA57F /* Jsonassignment-Info.plist */,
				8AA6292619CA9E8A00EEA57F /* InfoPlist.strings */,
				8AA6292919CA9E8A00EEA57F /* main.m */,
				8AA6292B19CA9E8A00EEA57F /* Jsonassignment-Prefix.pch */,
			);
			name = "Supporting Files";
			sourceTree = "<group>";
		};
		8AA6294219CA9E8A00EEA57F /* JsonassignmentTests */ = {
			isa = PBXGroup;
			children = (
				8AA6294819CA9E8A00EEA57F /* JsonassignmentTests.m */,
				8AA6294319CA9E8A00EEA57F /* Supporting Files */,
			);
			path = JsonassignmentTests;
			sourceTree = "<group>";
		};
		8AA6294319CA9E8A00EEA57F /* Supporting Files */ = {
			isa = PBXGroup;
			children = (
				8AA6294419CA9E8A00EEA57F /* JsonassignmentTests-Info.plist */,
				8AA6294519CA9E8A00EEA57F /* InfoPlist.strings */,
			);
			name = "Supporting Files";
			sourceTree = "<group>";
		};
/* End PBXGroup section */

/* Begin PBXNativeTarget section */
		8AA6291919CA9E8A00EEA57F /* Jsonassignment */ = {
			isa = PBXNativeTarget;
			buildConfigurationList = 8AA6294C19CA9E8A00EEA57F /* Build configuration list for PBXNativeTarget "Jsonassignment" */;
			buildPhases = (
				8AA6291619CA9E8A00EEA57F /* Sources */,
				8AA6291719CA9E8A00EEA57F /* Frameworks */,
				8AA6291819CA9E8A00EEA57F /* Resources */,
			);
			buildRules = (
			);
			dependencies = (
			);
			name = Jsonassignment;
			productName = Jsonassignment;
			productReference = 8AA6291A19CA9E8A00EEA57F /* Jsonassignment.app */;
			productType = "com.apple.product-type.application";
		};
		8AA6293A19CA9E8A00EEA57F /* JsonassignmentTests */ = {
			isa = PBXNativeTarget;
			buildConfigurationList = 8AA6294F19CA9E8A00EEA57F /* Build configuration list for PBXNativeTarget "JsonassignmentTests" */;
			buildPhases = (
				8AA6293719CA9E8A00EEA57F /* Sources */,
				8AA6293819CA9E8A00EEA57F /* Frameworks */,
				8AA6293919CA9E8A00EEA57F /* Resources */,
			);
			buildRules = (
			);
			dependencies = (
				8AA6294119CA9E8A00EEA57F /* PBXTargetDependency */,
			);
			name = JsonassignmentTests;
			productName = JsonassignmentTests;
			productReference = 8AA6293B19CA9E8A00EEA57F /* JsonassignmentTests.xctest */;
			productType = "com.apple.product-type.bundle.unit-test";
		};
/* End PBXNativeTarget section */

/* Begin PBXProject section */
		8AA6291219CA9E8A00EEA57F /* Project object */ = {
			isa = PBXProject;
			attributes = {
				LastUpgradeCheck = 0510;
				ORGANIZATIONNAME = paradigmcreatives;
				TargetAttributes = {
					8AA6293A19CA9E8A00EEA57F = {
						TestTargetID = 8AA6291919CA9E8A00EEA57F;
					};
				};
			};
			buildConfigurationList = 8AA6291519CA9E8A00EEA57F /* Build configuration list for PBXProject "Jsonassignment" */;
			compatibilityVersion = "Xcode 3.2";
			developmentRegion = English;
			hasScannedForEncodings = 0;
			knownRegions = (
				en,
				Base,
			);
			mainGroup = 8AA6291119CA9E8A00EEA57F;
			productRefGroup = 8AA6291B19CA9E8A00EEA57F /* Products */;
			projectDirPath = "";
			projectRoot = "";
			targets = (
				8AA6291919CA9E8A00EEA57F /* Jsonassignment */,
				8AA6293A19CA9E8A00EEA57F /* JsonassignmentTests */,
			);
		};
/* End PBXProject section */

/* Begin PBXResourcesBuildPhase section */
		8AA6291819CA9E8A00EEA57F /* Resources */ = {
			isa = PBXResourcesBuildPhase;
			buildActionMask = 2147483647;
			files = (
				8AA6293619CA9E8A00EEA57F /* Images.xcassets in Resources */,
				8AA6292819CA9E8A00EEA57F /* InfoPlist.strings in Resources */,
				8AA6293119CA9E8A00EEA57F /* Main.storyboard in Resources */,
			);
			runOnlyForDeploymentPostprocessing = 0;
		};
		8AA6293919CA9E8A00EEA57F /* Resources */ = {
			isa = PBXResourcesBuildPhase;
			buildActionMask = 2147483647;
			files = (
				8AA6294719CA9E8A00EEA57F /* InfoPlist.strings in Resources */,
			);
			runOnlyForDeploymentPostprocessing = 0;
		};
/* End PBXResourcesBuildPhase section */

/* Begin PBXSourcesBuildPhase section */
		8AA6291619CA9E8A00EEA57F /* Sources */ = {
			isa = PBXSourcesBuildPhase;
			buildActionMask = 2147483647;
			files = (
				8AA6293419CA9E8A00EEA57F /* ViewController.m in Sources */,
				8AA6292E19CA9E8A00EEA57F /* AppDelegate.m in Sources */,
				8AA6292A19CA9E8A00EEA57F /* main.m in Sources */,
			);
			runOnlyForDeploymentPostprocessing = 0;
		};
		8AA6293719CA9E8A00EEA57F /* Sources */ = {
			isa = PBXSourcesBuildPhase;
			buildActionMask = 2147483647;
			files = (
				8AA6294919CA9E8A00EEA57F /* JsonassignmentTests.m in Sources */,
			);
			runOnlyForDeploymentPostprocessing = 0;
		};
/* End PBXSourcesBuildPhase section */

/* Begin PBXTargetDependency section */
		8AA6294119CA9E8A00EEA57F /* PBXTargetDependency */ = {
			isa = PBXTargetDependency;
			target = 8AA6291919CA9E8A00EEA57F /* Jsonassignment */;
			targetProxy = 8AA6294019CA9E8A00EEA57F /* PBXContainerItemProxy */;
		};
/* End PBXTargetDependency section */

/* Begin PBXVariantGroup section */
		8AA6292619CA9E8A00EEA57F /* InfoPlist.strings */ = {
			isa = PBXVariantGroup;
			children = (
				8AA6292719CA9E8A00EEA57F /* en */,
			);
			name = InfoPlist.strings;
			sourceTree = "<group>";
		};
		8AA6292F19CA9E8A00EEA57F /* Main.storyboard */ = {
			isa = PBXVariantGroup;
			children = (
				8AA6293019CA9E8A00EEA57F /* Base */,
			);
			name = Main.storyboard;
			sourceTree = "<group>";
		};
		8AA6294519CA9E8A00EEA57F /* InfoPlist.strings */ = {
			isa = PBXVariantGroup;
			children = (
				8AA6294619CA9E8A00EEA57F /* en */,
			);
			name = InfoPlist.strings;
			sourceTree = "<group>";
		};
/* End PBXVariantGroup section */

/* Begin XCBuildConfiguration section */
		8AA6294A19CA9E8A00EEA57F /* Debug */ = {
			isa = XCBuildConfiguration;
			buildSettings = {
				ALWAYS_SEARCH_USER_PATHS = NO;
				CLANG_CXX_LANGUAGE_STANDARD = "gnu++0x";
				CLANG_CXX_LIBRARY = "libc++";
				CLANG_ENABLE_MODULES = YES;
				CLANG_ENABLE_OBJC_ARC = YES;
				CLANG_WARN_BOOL_CONVERSION = YES;
				CLANG_WARN_CONSTANT_CONVERSION = YES;
				CLANG_WARN_DIRECT_OBJC_ISA_USAGE = YES_ERROR;
				CLANG_WARN_EMPTY_BODY = YES;
				CLANG_WARN_ENUM_CONVERSION = YES;
				CLANG_WARN_INT_CONVERSION = YES;
				CLANG_WARN_OBJC_ROOT_CLASS = YES_ERROR;
				CLANG_WARN__DUPLICATE_METHOD_MATCH = YES;
				"CODE_SIGN_IDENTITY[sdk=iphoneos*]" = "iPhone Developer";
				COPY_PHASE_STRIP = NO;
				GCC_C_LANGUAGE_STANDARD = gnu99;
				GCC_DYNAMIC_NO_PIC = NO;
				GCC_OPTIMIZATION_LEVEL = 0;
				GCC_PREPROCESSOR_DEFINITIONS = (
					"DEBUG=1",
					"$(inherited)",
				);
				GCC_SYMBOLS_PRIVATE_EXTERN = NO;
				GCC_WARN_64_TO_32_BIT_CONVERSION = YES;
				GCC_WARN_ABOUT_RETURN_TYPE = YES_ERROR;
				GCC_WARN_UNDECLARED_SELECTOR = YES;
				GCC_WARN_UNINITIALIZED_AUTOS = YES_AGGRESSIVE;
				GCC_WARN_UNUSED_FUNCTION = YES;
				GCC_WARN_UNUSED_VARIABLE = YES;
				IPHONEOS_DEPLOYMENT_TARGET = 7.1;
				ONLY_ACTIVE_ARCH = YES;
				SDKROOT = iphoneos;
			};
			name = Debug;
		};
		8AA6294B19CA9E8A00EEA57F /* Release */ = {
			isa = XCBuildConfiguration;
			buildSettings = {
				ALWAYS_SEARCH_USER_PATHS = NO;
				CLANG_CXX_LANGUAGE_STANDARD = "gnu++0x";
				CLANG_CXX_LIBRARY = "libc++";
				CLANG_ENABLE_MODULES = YES;
				CLANG_ENABLE_OBJC_ARC = YES;
				CLANG_WARN_BOOL_CONVERSION = YES;
				CLANG_WARN_CONSTANT_CONVERSION = YES;
				CLANG_WARN_DIRECT_OBJC_ISA_USAGE = YES_ERROR;
				CLANG_WARN_EMPTY_BODY = YES;
				CLANG_WARN_ENUM_CONVERSION = YES;
				CLANG_WARN_INT_CONVERSION = YES;
				CLANG_WARN_OBJC_ROOT_CLASS = YES_ERROR;
				CLANG_WARN__DUPLICATE_METHOD_MATCH = YES;
				"CODE_SIGN_IDENTITY[sdk=iphoneos*]" = "iPhone Developer";
				COPY_PHASE_STRIP = YES;
				ENABLE_NS_ASSERTIONS = NO;
				GCC_C_LANGUAGE_STANDARD = gnu99;
				GCC_WARN_64_TO_32_BIT_CONVERSION = YES;
				GCC_WARN_ABOUT_RETURN_TYPE = YES_ERROR;
				GCC_WARN_UNDECLARED_SELECTOR = YES;
				GCC_WARN_UNINITIALIZED_AUTOS = YES_AGGRESSIVE;
				GCC_WARN_UNUSED_FUNCTION = YES;
				GCC_WARN_UNUSED_VARIABLE = YES;
				IPHONEOS_DEPLOYMENT_TARGET = 7.1;
				SDKROOT = iphoneos;
				VALIDATE_PRODUCT = YES;
			};
			name = Release;
		};
		8AA6294D19CA9E8A00EEA57F /* Debug */ = {
			isa = XCBuildConfiguration;
			buildSettings = {
				ASSETCATALOG_COMPILER_APPICON_NAME = AppIcon;
				ASSETCATALOG_COMPILER_LAUNCHIMAGE_NAME = LaunchImage;
				GCC_PRECOMPILE_PREFIX_HEADER = YES;
				GCC_PREFIX_HEADER = "Jsonassignment/Jsonassignment-Prefix.pch";
				INFOPLIST_FILE = "Jsonassignment/Jsonassignment-Info.plist";
				PRODUCT_NAME = "$(TARGET_NAME)";
				WRAPPER_EXTENSION = app;
			};
			name = Debug;
		};
		8AA6294E19CA9E8A00EEA57F /* Release */ = {
			isa = XCBuildConfiguration;
			buildSettings = {
				ASSETCATALOG_COMPILER_APPICON_NAME = AppIcon;
				ASSETCATALOG_COMPILER_LAUNCHIMAGE_NAME = LaunchImage;
				GCC_PRECOMPILE_PREFIX_HEADER = YES;
				GCC_PREFIX_HEADER = "Jsonassignment/Jsonassignment-Prefix.pch";
				INFOPLIST_FILE = "Jsonassignment/Jsonassignment-Info.plist";
				PRODUCT_NAME = "$(TARGET_NAME)";
				WRAPPER_EXTENSION = app;
			};
			name = Release;
		};
		8AA6295019CA9E8A00EEA57F /* Debug */ = {
			isa = XCBuildConfiguration;
			buildSettings = {
				BUNDLE_LOADER = "$(BUILT_PRODUCTS_DIR)/Jsonassignment.app/Jsonassignment";
				FRAMEWORK_SEARCH_PATHS = (
					"$(SDKROOT)/Developer/Library/Frameworks",
					"$(inherited)",
					"$(DEVELOPER_FRAMEWORKS_DIR)",
				);
				GCC_PRECOMPILE_PREFIX_HEADER = YES;
				GCC_PREFIX_HEADER = "Jsonassignment/Jsonassignment-Prefix.pch";
				GCC_PREPROCESSOR_DEFINITIONS = (
					"DEBUG=1",
					"$(inherited)",
				);
				INFOPLIST_FILE = "JsonassignmentTests/JsonassignmentTests-Info.plist";
				PRODUCT_NAME = "$(TARGET_NAME)";
				TEST_HOST = "$(BUNDLE_LOADER)";
				WRAPPER_EXTENSION = xctest;
			};
			name = Debug;
		};
		8AA6295119CA9E8A00EEA57F /* Release */ = {
			isa = XCBuildConfiguration;
			buildSettings = {
				BUNDLE_LOADER = "$(BUILT_PRODUCTS_DIR)/Jsonassignment.app/Jsonassignment";
				FRAMEWORK_SEARCH_PATHS = (
					"$(SDKROOT)/Developer/Library/Frameworks",
					"$(inherited)",
					"$(DEVELOPER_FRAMEWORKS_DIR)",
				);
				GCC_PRECOMPILE_PREFIX_HEADER = YES;
				GCC_PREFIX_HEADER = "Jsonassignment/Jsonassignment-Prefix.pch";
				INFOPLIST_FILE = "JsonassignmentTests/JsonassignmentTests-Info.plist";
				PRODUCT_NAME = "$(TARGET_NAME)";
				TEST_HOST = "$(BUNDLE_LOADER)";
				WRAPPER_EXTENSION = xctest;
			};
			name = Release;
		};
/* End XCBuildConfiguration section */

/* Begin XCConfigurationList section */
		8AA6291519CA9E8A00EEA57F /* Build configuration list for PBXProject "Jsonassignment" */ = {
			isa = XCConfigurationList;
			buildConfigurations = (
				8AA6294A19CA9E8A00EEA57F /* Debug */,
				8AA6294B19CA9E8A00EEA57F /* Release */,
			);
			defaultConfigurationIsVisible = 0;
			defaultConfigurationName = Release;
		};
		8AA6294C19CA9E8A00EEA57F /* Build configuration list for PBXNativeTarget "Jsonassignment" */ = {
			isa = XCConfigurationList;
			buildConfigurations = (
				8AA6294D19CA9E8A00EEA57F /* Debug */,
				8AA6294E19CA9E8A00EEA57F /* Release */,
			);
			defaultConfigurationIsVisible = 0;
		};
		8AA6294F19CA9E8A00EEA57F /* Build configuration list for PBXNativeTarget "JsonassignmentTests" */ = {
			isa = XCConfigurationList;
			buildConfigurations = (
				8AA6295019CA9E8A00EEA57F /* Debug */,
				8AA6295119CA9E8A00EEA57F /* Release */,
			);
			defaultConfigurationIsVisible = 0;
		};
/* End XCConfigurationList section */
	};
	rootObject = 8AA6291219CA9E8A00EEA57F /* Project object */;
}
