// !$*UTF8*$!
{
	archiveVersion = 1;
	classes = {
	};
	objectVersion = 46;
	objects = {

/* Begin PBXBuildFile section */
		8A98F52E19F65DEE00E3D5A2 /* AppDelegate.swift in Sources */ = {isa = PBXBuildFile; fileRef = 8A98F52D19F65DEE00E3D5A2 /* AppDelegate.swift */; };
		8A98F53019F65DEE00E3D5A2 /* ViewController.swift in Sources */ = {isa = PBXBuildFile; fileRef = 8A98F52F19F65DEE00E3D5A2 /* ViewController.swift */; };
		8A98F53319F65DEE00E3D5A2 /* Main.storyboard in Resources */ = {isa = PBXBuildFile; fileRef = 8A98F53119F65DEE00E3D5A2 /* Main.storyboard */; };
		8A98F53519F65DEE00E3D5A2 /* Images.xcassets in Resources */ = {isa = PBXBuildFile; fileRef = 8A98F53419F65DEE00E3D5A2 /* Images.xcassets */; };
		8A98F53819F65DEE00E3D5A2 /* LaunchScreen.xib in Resources */ = {isa = PBXBuildFile; fileRef = 8A98F53619F65DEE00E3D5A2 /* LaunchScreen.xib */; };
		8A98F54419F65DEE00E3D5A2 /* MapViewsTests.swift in Sources */ = {isa = PBXBuildFile; fileRef = 8A98F54319F65DEE00E3D5A2 /* MapViewsTests.swift */; };
		8A98F54E19F65FA800E3D5A2 /* MapKit.framework in Frameworks */ = {isa = PBXBuildFile; fileRef = 8A98F54D19F65FA800E3D5A2 /* MapKit.framework */; };
		8A98F55019F65FB300E3D5A2 /* CoreLocation.framework in Frameworks */ = {isa = PBXBuildFile; fileRef = 8A98F54F19F65FB300E3D5A2 /* CoreLocation.framework */; };
/* End PBXBuildFile section */

/* Begin PBXContainerItemProxy section */
		8A98F53E19F65DEE00E3D5A2 /* PBXContainerItemProxy */ = {
			isa = PBXContainerItemProxy;
			containerPortal = 8A98F52019F65DEE00E3D5A2 /* Project object */;
			proxyType = 1;
			remoteGlobalIDString = 8A98F52719F65DEE00E3D5A2;
			remoteInfo = MapViews;
		};
/* End PBXContainerItemProxy section */

/* Begin PBXFileReference section */
		8A98F52819F65DEE00E3D5A2 /* MapViews.app */ = {isa = PBXFileReference; explicitFileType = wrapper.application; includeInIndex = 0; path = MapViews.app; sourceTree = BUILT_PRODUCTS_DIR; };
		8A98F52C19F65DEE00E3D5A2 /* Info.plist */ = {isa = PBXFileReference; lastKnownFileType = text.plist.xml; path = Info.plist; sourceTree = "<group>"; };
		8A98F52D19F65DEE00E3D5A2 /* AppDelegate.swift */ = {isa = PBXFileReference; lastKnownFileType = sourcecode.swift; path = AppDelegate.swift; sourceTree = "<group>"; };
		8A98F52F19F65DEE00E3D5A2 /* ViewController.swift */ = {isa = PBXFileReference; lastKnownFileType = sourcecode.swift; path = ViewController.swift; sourceTree = "<group>"; };
		8A98F53219F65DEE00E3D5A2 /* Base */ = {isa = PBXFileReference; lastKnownFileType = file.storyboard; name = Base; path = Base.lproj/Main.storyboard; sourceTree = "<group>"; };
		8A98F53419F65DEE00E3D5A2 /* Images.xcassets */ = {isa = PBXFileReference; lastKnownFileType = folder.assetcatalog; path = Images.xcassets; sourceTree = "<group>"; };
		8A98F53719F65DEE00E3D5A2 /* Base */ = {isa = PBXFileReference; lastKnownFileType = file.xib; name = Base; path = Base.lproj/LaunchScreen.xib; sourceTree = "<group>"; };
		8A98F53D19F65DEE00E3D5A2 /* MapViewsTests.xctest */ = {isa = PBXFileReference; explicitFileType = wrapper.cfbundle; includeInIndex = 0; path = MapViewsTests.xctest; sourceTree = BUILT_PRODUCTS_DIR; };
		8A98F54219F65DEE00E3D5A2 /* Info.plist */ = {isa = PBXFileReference; lastKnownFileType = text.plist.xml; path = Info.plist; sourceTree = "<group>"; };
		8A98F54319F65DEE00E3D5A2 /* MapViewsTests.swift */ = {isa = PBXFileReference; lastKnownFileType = sourcecode.swift; path = MapViewsTests.swift; sourceTree = "<group>"; };
		8A98F54D19F65FA800E3D5A2 /* MapKit.framework */ = {isa = PBXFileReference; lastKnownFileType = wrapper.framework; name = MapKit.framework; path = System/Library/Frameworks/MapKit.framework; sourceTree = SDKROOT; };
		8A98F54F19F65FB300E3D5A2 /* CoreLocation.framework */ = {isa = PBXFileReference; lastKnownFileType = wrapper.framework; name = CoreLocation.framework; path = System/Library/Frameworks/CoreLocation.framework; sourceTree = SDKROOT; };
/* End PBXFileReference section */

/* Begin PBXFrameworksBuildPhase section */
		8A98F52519F65DEE00E3D5A2 /* Frameworks */ = {
			isa = PBXFrameworksBuildPhase;
			buildActionMask = 2147483647;
			files = (
				8A98F55019F65FB300E3D5A2 /* CoreLocation.framework in Frameworks */,
				8A98F54E19F65FA800E3D5A2 /* MapKit.framework in Frameworks */,
			);
			runOnlyForDeploymentPostprocessing = 0;
		};
		8A98F53A19F65DEE00E3D5A2 /* Frameworks */ = {
			isa = PBXFrameworksBuildPhase;
			buildActionMask = 2147483647;
			files = (
			);
			runOnlyForDeploymentPostprocessing = 0;
		};
/* End PBXFrameworksBuildPhase section */

/* Begin PBXGroup section */
		8A98F51F19F65DEE00E3D5A2 = {
			isa = PBXGroup;
			children = (
				8A98F54F19F65FB300E3D5A2 /* CoreLocation.framework */,
				8A98F54D19F65FA800E3D5A2 /* MapKit.framework */,
				8A98F52A19F65DEE00E3D5A2 /* MapViews */,
				8A98F54019F65DEE00E3D5A2 /* MapViewsTests */,
				8A98F52919F65DEE00E3D5A2 /* Products */,
			);
			sourceTree = "<group>";
		};
		8A98F52919F65DEE00E3D5A2 /* Products */ = {
			isa = PBXGroup;
			children = (
				8A98F52819F65DEE00E3D5A2 /* MapViews.app */,
				8A98F53D19F65DEE00E3D5A2 /* MapViewsTests.xctest */,
			);
			name = Products;
			sourceTree = "<group>";
		};
		8A98F52A19F65DEE00E3D5A2 /* MapViews */ = {
			isa = PBXGroup;
			children = (
				8A98F52D19F65DEE00E3D5A2 /* AppDelegate.swift */,
				8A98F52F19F65DEE00E3D5A2 /* ViewController.swift */,
				8A98F53119F65DEE00E3D5A2 /* Main.storyboard */,
				8A98F53419F65DEE00E3D5A2 /* Images.xcassets */,
				8A98F53619F65DEE00E3D5A2 /* LaunchScreen.xib */,
				8A98F52B19F65DEE00E3D5A2 /* Supporting Files */,
			);
			path = MapViews;
			sourceTree = "<group>";
		};
		8A98F52B19F65DEE00E3D5A2 /* Supporting Files */ = {
			isa = PBXGroup;
			children = (
				8A98F52C19F65DEE00E3D5A2 /* Info.plist */,
			);
			name = "Supporting Files";
			sourceTree = "<group>";
		};
		8A98F54019F65DEE00E3D5A2 /* MapViewsTests */ = {
			isa = PBXGroup;
			children = (
				8A98F54319F65DEE00E3D5A2 /* MapViewsTests.swift */,
				8A98F54119F65DEE00E3D5A2 /* Supporting Files */,
			);
			path = MapViewsTests;
			sourceTree = "<group>";
		};
		8A98F54119F65DEE00E3D5A2 /* Supporting Files */ = {
			isa = PBXGroup;
			children = (
				8A98F54219F65DEE00E3D5A2 /* Info.plist */,
			);
			name = "Supporting Files";
			sourceTree = "<group>";
		};
/* End PBXGroup section */

/* Begin PBXNativeTarget section */
		8A98F52719F65DEE00E3D5A2 /* MapViews */ = {
			isa = PBXNativeTarget;
			buildConfigurationList = 8A98F54719F65DEE00E3D5A2 /* Build configuration list for PBXNativeTarget "MapViews" */;
			buildPhases = (
				8A98F52419F65DEE00E3D5A2 /* Sources */,
				8A98F52519F65DEE00E3D5A2 /* Frameworks */,
				8A98F52619F65DEE00E3D5A2 /* Resources */,
			);
			buildRules = (
			);
			dependencies = (
			);
			name = MapViews;
			productName = MapViews;
			productReference = 8A98F52819F65DEE00E3D5A2 /* MapViews.app */;
			productType = "com.apple.product-type.application";
		};
		8A98F53C19F65DEE00E3D5A2 /* MapViewsTests */ = {
			isa = PBXNativeTarget;
			buildConfigurationList = 8A98F54A19F65DEE00E3D5A2 /* Build configuration list for PBXNativeTarget "MapViewsTests" */;
			buildPhases = (
				8A98F53919F65DEE00E3D5A2 /* Sources */,
				8A98F53A19F65DEE00E3D5A2 /* Frameworks */,
				8A98F53B19F65DEE00E3D5A2 /* Resources */,
			);
			buildRules = (
			);
			dependencies = (
				8A98F53F19F65DEE00E3D5A2 /* PBXTargetDependency */,
			);
			name = MapViewsTests;
			productName = MapViewsTests;
			productReference = 8A98F53D19F65DEE00E3D5A2 /* MapViewsTests.xctest */;
			productType = "com.apple.product-type.bundle.unit-test";
		};
/* End PBXNativeTarget section */

/* Begin PBXProject section */
		8A98F52019F65DEE00E3D5A2 /* Project object */ = {
			isa = PBXProject;
			attributes = {
				LastUpgradeCheck = 0600;
				ORGANIZATIONNAME = paradigmcreatives;
				TargetAttributes = {
					8A98F52719F65DEE00E3D5A2 = {
						CreatedOnToolsVersion = 6.0;
					};
					8A98F53C19F65DEE00E3D5A2 = {
						CreatedOnToolsVersion = 6.0;
						TestTargetID = 8A98F52719F65DEE00E3D5A2;
					};
				};
			};
			buildConfigurationList = 8A98F52319F65DEE00E3D5A2 /* Build configuration list for PBXProject "MapViews" */;
			compatibilityVersion = "Xcode 3.2";
			developmentRegion = English;
			hasScannedForEncodings = 0;
			knownRegions = (
				en,
				Base,
			);
			mainGroup = 8A98F51F19F65DEE00E3D5A2;
			productRefGroup = 8A98F52919F65DEE00E3D5A2 /* Products */;
			projectDirPath = "";
			projectRoot = "";
			targets = (
				8A98F52719F65DEE00E3D5A2 /* MapViews */,
				8A98F53C19F65DEE00E3D5A2 /* MapViewsTests */,
			);
		};
/* End PBXProject section */

/* Begin PBXResourcesBuildPhase section */
		8A98F52619F65DEE00E3D5A2 /* Resources */ = {
			isa = PBXResourcesBuildPhase;
			buildActionMask = 2147483647;
			files = (
				8A98F53319F65DEE00E3D5A2 /* Main.storyboard in Resources */,
				8A98F53819F65DEE00E3D5A2 /* LaunchScreen.xib in Resources */,
				8A98F53519F65DEE00E3D5A2 /* Images.xcassets in Resources */,
			);
			runOnlyForDeploymentPostprocessing = 0;
		};
		8A98F53B19F65DEE00E3D5A2 /* Resources */ = {
			isa = PBXResourcesBuildPhase;
			buildActionMask = 2147483647;
			files = (
			);
			runOnlyForDeploymentPostprocessing = 0;
		};
/* End PBXResourcesBuildPhase section */

/* Begin PBXSourcesBuildPhase section */
		8A98F52419F65DEE00E3D5A2 /* Sources */ = {
			isa = PBXSourcesBuildPhase;
			buildActionMask = 2147483647;
			files = (
				8A98F53019F65DEE00E3D5A2 /* ViewController.swift in Sources */,
				8A98F52E19F65DEE00E3D5A2 /* AppDelegate.swift in Sources */,
			);
			runOnlyForDeploymentPostprocessing = 0;
		};
		8A98F53919F65DEE00E3D5A2 /* Sources */ = {
			isa = PBXSourcesBuildPhase;
			buildActionMask = 2147483647;
			files = (
				8A98F54419F65DEE00E3D5A2 /* MapViewsTests.swift in Sources */,
			);
			runOnlyForDeploymentPostprocessing = 0;
		};
/* End PBXSourcesBuildPhase section */

/* Begin PBXTargetDependency section */
		8A98F53F19F65DEE00E3D5A2 /* PBXTargetDependency */ = {
			isa = PBXTargetDependency;
			target = 8A98F52719F65DEE00E3D5A2 /* MapViews */;
			targetProxy = 8A98F53E19F65DEE00E3D5A2 /* PBXContainerItemProxy */;
		};
/* End PBXTargetDependency section */

/* Begin PBXVariantGroup section */
		8A98F53119F65DEE00E3D5A2 /* Main.storyboard */ = {
			isa = PBXVariantGroup;
			children = (
				8A98F53219F65DEE00E3D5A2 /* Base */,
			);
			name = Main.storyboard;
			sourceTree = "<group>";
		};
		8A98F53619F65DEE00E3D5A2 /* LaunchScreen.xib */ = {
			isa = PBXVariantGroup;
			children = (
				8A98F53719F65DEE00E3D5A2 /* Base */,
			);
			name = LaunchScreen.xib;
			sourceTree = "<group>";
		};
/* End PBXVariantGroup section */

/* Begin XCBuildConfiguration section */
		8A98F54519F65DEE00E3D5A2 /* Debug */ = {
			isa = XCBuildConfiguration;
			buildSettings = {
				ALWAYS_SEARCH_USER_PATHS = NO;
				CLANG_CXX_LANGUAGE_STANDARD = "gnu++0x";
				CLANG_CXX_LIBRARY = "libc++";
				CLANG_ENABLE_MODULES = YES;
				CLANG_ENABLE_OBJC_ARC = YES;
				CLANG_WARN_BOOL_CONVERSION = YES;
				CLANG_WARN_CONSTANT_CONVERSION = YES;
				CLANG_WARN_DIRECT_OBJC_ISA_USAGE = YES_ERROR;
				CLANG_WARN_EMPTY_BODY = YES;
				CLANG_WARN_ENUM_CONVERSION = YES;
				CLANG_WARN_INT_CONVERSION = YES;
				CLANG_WARN_OBJC_ROOT_CLASS = YES_ERROR;
				CLANG_WARN_UNREACHABLE_CODE = YES;
				CLANG_WARN__DUPLICATE_METHOD_MATCH = YES;
				"CODE_SIGN_IDENTITY[sdk=iphoneos*]" = "iPhone Developer";
				COPY_PHASE_STRIP = NO;
				ENABLE_STRICT_OBJC_MSGSEND = YES;
				GCC_C_LANGUAGE_STANDARD = gnu99;
				GCC_DYNAMIC_NO_PIC = NO;
				GCC_OPTIMIZATION_LEVEL = 0;
				GCC_PREPROCESSOR_DEFINITIONS = (
					"DEBUG=1",
					"$(inherited)",
				);
				GCC_SYMBOLS_PRIVATE_EXTERN = NO;
				GCC_WARN_64_TO_32_BIT_CONVERSION = YES;
				GCC_WARN_ABOUT_RETURN_TYPE = YES_ERROR;
				GCC_WARN_UNDECLARED_SELECTOR = YES;
				GCC_WARN_UNINITIALIZED_AUTOS = YES_AGGRESSIVE;
				GCC_WARN_UNUSED_FUNCTION = YES;
				GCC_WARN_UNUSED_VARIABLE = YES;
				IPHONEOS_DEPLOYMENT_TARGET = 8.0;
				MTL_ENABLE_DEBUG_INFO = YES;
				ONLY_ACTIVE_ARCH = YES;
				SDKROOT = iphoneos;
				SWIFT_OPTIMIZATION_LEVEL = "-Onone";
			};
			name = Debug;
		};
		8A98F54619F65DEE00E3D5A2 /* Release */ = {
			isa = XCBuildConfiguration;
			buildSettings = {
				ALWAYS_SEARCH_USER_PATHS = NO;
				CLANG_CXX_LANGUAGE_STANDARD = "gnu++0x";
				CLANG_CXX_LIBRARY = "libc++";
				CLANG_ENABLE_MODULES = YES;
				CLANG_ENABLE_OBJC_ARC = YES;
				CLANG_WARN_BOOL_CONVERSION = YES;
				CLANG_WARN_CONSTANT_CONVERSION = YES;
				CLANG_WARN_DIRECT_OBJC_ISA_USAGE = YES_ERROR;
				CLANG_WARN_EMPTY_BODY = YES;
				CLANG_WARN_ENUM_CONVERSION = YES;
				CLANG_WARN_INT_CONVERSION = YES;
				CLANG_WARN_OBJC_ROOT_CLASS = YES_ERROR;
				CLANG_WARN_UNREACHABLE_CODE = YES;
				CLANG_WARN__DUPLICATE_METHOD_MATCH = YES;
				"CODE_SIGN_IDENTITY[sdk=iphoneos*]" = "iPhone Developer";
				COPY_PHASE_STRIP = YES;
				ENABLE_NS_ASSERTIONS = NO;
				ENABLE_STRICT_OBJC_MSGSEND = YES;
				GCC_C_LANGUAGE_STANDARD = gnu99;
				GCC_WARN_64_TO_32_BIT_CONVERSION = YES;
				GCC_WARN_ABOUT_RETURN_TYPE = YES_ERROR;
				GCC_WARN_UNDECLARED_SELECTOR = YES;
				GCC_WARN_UNINITIALIZED_AUTOS = YES_AGGRESSIVE;
				GCC_WARN_UNUSED_FUNCTION = YES;
				GCC_WARN_UNUSED_VARIABLE = YES;
				IPHONEOS_DEPLOYMENT_TARGET = 8.0;
				MTL_ENABLE_DEBUG_INFO = NO;
				SDKROOT = iphoneos;
				VALIDATE_PRODUCT = YES;
			};
			name = Release;
		};
		8A98F54819F65DEE00E3D5A2 /* Debug */ = {
			isa = XCBuildConfiguration;
			buildSettings = {
				ASSETCATALOG_COMPILER_APPICON_NAME = AppIcon;
				INFOPLIST_FILE = MapViews/Info.plist;
				LD_RUNPATH_SEARCH_PATHS = "$(inherited) @executable_path/Frameworks";
				PRODUCT_NAME = "$(TARGET_NAME)";
			};
			name = Debug;
		};
		8A98F54919F65DEE00E3D5A2 /* Release */ = {
			isa = XCBuildConfiguration;
			buildSettings = {
				ASSETCATALOG_COMPILER_APPICON_NAME = AppIcon;
				INFOPLIST_FILE = MapViews/Info.plist;
				LD_RUNPATH_SEARCH_PATHS = "$(inherited) @executable_path/Frameworks";
				PRODUCT_NAME = "$(TARGET_NAME)";
			};
			name = Release;
		};
		8A98F54B19F65DEE00E3D5A2 /* Debug */ = {
			isa = XCBuildConfiguration;
			buildSettings = {
				BUNDLE_LOADER = "$(TEST_HOST)";
				FRAMEWORK_SEARCH_PATHS = (
					"$(SDKROOT)/Developer/Library/Frameworks",
					"$(inherited)",
				);
				GCC_PREPROCESSOR_DEFINITIONS = (
					"DEBUG=1",
					"$(inherited)",
				);
				INFOPLIST_FILE = MapViewsTests/Info.plist;
				LD_RUNPATH_SEARCH_PATHS = "$(inherited) @executable_path/Frameworks @loader_path/Frameworks";
				PRODUCT_NAME = "$(TARGET_NAME)";
				TEST_HOST = "$(BUILT_PRODUCTS_DIR)/MapViews.app/MapViews";
			};
			name = Debug;
		};
		8A98F54C19F65DEE00E3D5A2 /* Release */ = {
			isa = XCBuildConfiguration;
			buildSettings = {
				BUNDLE_LOADER = "$(TEST_HOST)";
				FRAMEWORK_SEARCH_PATHS = (
					"$(SDKROOT)/Developer/Library/Frameworks",
					"$(inherited)",
				);
				INFOPLIST_FILE = MapViewsTests/Info.plist;
				LD_RUNPATH_SEARCH_PATHS = "$(inherited) @executable_path/Frameworks @loader_path/Frameworks";
				PRODUCT_NAME = "$(TARGET_NAME)";
				TEST_HOST = "$(BUILT_PRODUCTS_DIR)/MapViews.app/MapViews";
			};
			name = Release;
		};
/* End XCBuildConfiguration section */

/* Begin XCConfigurationList section */
		8A98F52319F65DEE00E3D5A2 /* Build configuration list for PBXProject "MapViews" */ = {
			isa = XCConfigurationList;
			buildConfigurations = (
				8A98F54519F65DEE00E3D5A2 /* Debug */,
				8A98F54619F65DEE00E3D5A2 /* Release */,
			);
			defaultConfigurationIsVisible = 0;
			defaultConfigurationName = Release;
		};
		8A98F54719F65DEE00E3D5A2 /* Build configuration list for PBXNativeTarget "MapViews" */ = {
			isa = XCConfigurationList;
			buildConfigurations = (
				8A98F54819F65DEE00E3D5A2 /* Debug */,
				8A98F54919F65DEE00E3D5A2 /* Release */,
			);
			defaultConfigurationIsVisible = 0;
		};
		8A98F54A19F65DEE00E3D5A2 /* Build configuration list for PBXNativeTarget "MapViewsTests" */ = {
			isa = XCConfigurationList;
			buildConfigurations = (
				8A98F54B19F65DEE00E3D5A2 /* Debug */,
				8A98F54C19F65DEE00E3D5A2 /* Release */,
			);
			defaultConfigurationIsVisible = 0;
		};
/* End XCConfigurationList section */
	};
	rootObject = 8A98F52019F65DEE00E3D5A2 /* Project object */;
}
