// !$*UTF8*$!
{
	archiveVersion = 1;
	classes = {
	};
	objectVersion = 46;
	objects = {

/* Begin PBXBuildFile section */
		8AA1A7A119D3CEA9003CC840 /* Foundation.framework in Frameworks */ = {isa = PBXBuildFile; fileRef = 8AA1A7A019D3CEA9003CC840 /* Foundation.framework */; };
		8AA1A7A319D3CEA9003CC840 /* CoreGraphics.framework in Frameworks */ = {isa = PBXBuildFile; fileRef = 8AA1A7A219D3CEA9003CC840 /* CoreGraphics.framework */; };
		8AA1A7A519D3CEA9003CC840 /* UIKit.framework in Frameworks */ = {isa = PBXBuildFile; fileRef = 8AA1A7A419D3CEA9003CC840 /* UIKit.framework */; };
		8AA1A7AB19D3CEA9003CC840 /* InfoPlist.strings in Resources */ = {isa = PBXBuildFile; fileRef = 8AA1A7A919D3CEA9003CC840 /* InfoPlist.strings */; };
		8AA1A7AD19D3CEA9003CC840 /* main.m in Sources */ = {isa = PBXBuildFile; fileRef = 8AA1A7AC19D3CEA9003CC840 /* main.m */; };
		8AA1A7B119D3CEA9003CC840 /* AppDelegate.m in Sources */ = {isa = PBXBuildFile; fileRef = 8AA1A7B019D3CEA9003CC840 /* AppDelegate.m */; };
		8AA1A7B419D3CEA9003CC840 /* Main.storyboard in Resources */ = {isa = PBXBuildFile; fileRef = 8AA1A7B219D3CEA9003CC840 /* Main.storyboard */; };
		8AA1A7B719D3CEA9003CC840 /* ViewController.m in Sources */ = {isa = PBXBuildFile; fileRef = 8AA1A7B619D3CEA9003CC840 /* ViewController.m */; };
		8AA1A7B919D3CEA9003CC840 /* Images.xcassets in Resources */ = {isa = PBXBuildFile; fileRef = 8AA1A7B819D3CEA9003CC840 /* Images.xcassets */; };
		8AA1A7C019D3CEA9003CC840 /* XCTest.framework in Frameworks */ = {isa = PBXBuildFile; fileRef = 8AA1A7BF19D3CEA9003CC840 /* XCTest.framework */; };
		8AA1A7C119D3CEA9003CC840 /* Foundation.framework in Frameworks */ = {isa = PBXBuildFile; fileRef = 8AA1A7A019D3CEA9003CC840 /* Foundation.framework */; };
		8AA1A7C219D3CEA9003CC840 /* UIKit.framework in Frameworks */ = {isa = PBXBuildFile; fileRef = 8AA1A7A419D3CEA9003CC840 /* UIKit.framework */; };
		8AA1A7CA19D3CEA9003CC840 /* InfoPlist.strings in Resources */ = {isa = PBXBuildFile; fileRef = 8AA1A7C819D3CEA9003CC840 /* InfoPlist.strings */; };
		8AA1A7CC19D3CEA9003CC840 /* collectionViewsTests.m in Sources */ = {isa = PBXBuildFile; fileRef = 8AA1A7CB19D3CEA9003CC840 /* collectionViewsTests.m */; };
/* End PBXBuildFile section */

/* Begin PBXContainerItemProxy section */
		8AA1A7C319D3CEA9003CC840 /* PBXContainerItemProxy */ = {
			isa = PBXContainerItemProxy;
			containerPortal = 8AA1A79519D3CEA9003CC840 /* Project object */;
			proxyType = 1;
			remoteGlobalIDString = 8AA1A79C19D3CEA9003CC840;
			remoteInfo = collectionViews;
		};
/* End PBXContainerItemProxy section */

/* Begin PBXFileReference section */
		8AA1A79D19D3CEA9003CC840 /* collectionViews.app */ = {isa = PBXFileReference; explicitFileType = wrapper.application; includeInIndex = 0; path = collectionViews.app; sourceTree = BUILT_PRODUCTS_DIR; };
		8AA1A7A019D3CEA9003CC840 /* Foundation.framework */ = {isa = PBXFileReference; lastKnownFileType = wrapper.framework; name = Foundation.framework; path = System/Library/Frameworks/Foundation.framework; sourceTree = SDKROOT; };
		8AA1A7A219D3CEA9003CC840 /* CoreGraphics.framework */ = {isa = PBXFileReference; lastKnownFileType = wrapper.framework; name = CoreGraphics.framework; path = System/Library/Frameworks/CoreGraphics.framework; sourceTree = SDKROOT; };
		8AA1A7A419D3CEA9003CC840 /* UIKit.framework */ = {isa = PBXFileReference; lastKnownFileType = wrapper.framework; name = UIKit.framework; path = System/Library/Frameworks/UIKit.framework; sourceTree = SDKROOT; };
		8AA1A7A819D3CEA9003CC840 /* collectionViews-Info.plist */ = {isa = PBXFileReference; lastKnownFileType = text.plist.xml; path = "collectionViews-Info.plist"; sourceTree = "<group>"; };
		8AA1A7AA19D3CEA9003CC840 /* en */ = {isa = PBXFileReference; lastKnownFileType = text.plist.strings; name = en; path = en.lproj/InfoPlist.strings; sourceTree = "<group>"; };
		8AA1A7AC19D3CEA9003CC840 /* main.m */ = {isa = PBXFileReference; lastKnownFileType = sourcecode.c.objc; path = main.m; sourceTree = "<group>"; };
		8AA1A7AE19D3CEA9003CC840 /* collectionViews-Prefix.pch */ = {isa = PBXFileReference; lastKnownFileType = sourcecode.c.h; path = "collectionViews-Prefix.pch"; sourceTree = "<group>"; };
		8AA1A7AF19D3CEA9003CC840 /* AppDelegate.h */ = {isa = PBXFileReference; lastKnownFileType = sourcecode.c.h; path = AppDelegate.h; sourceTree = "<group>"; };
		8AA1A7B019D3CEA9003CC840 /* AppDelegate.m */ = {isa = PBXFileReference; lastKnownFileType = sourcecode.c.objc; path = AppDelegate.m; sourceTree = "<group>"; };
		8AA1A7B319D3CEA9003CC840 /* Base */ = {isa = PBXFileReference; lastKnownFileType = file.storyboard; name = Base; path = Base.lproj/Main.storyboard; sourceTree = "<group>"; };
		8AA1A7B519D3CEA9003CC840 /* ViewController.h */ = {isa = PBXFileReference; lastKnownFileType = sourcecode.c.h; path = ViewController.h; sourceTree = "<group>"; };
		8AA1A7B619D3CEA9003CC840 /* ViewController.m */ = {isa = PBXFileReference; lastKnownFileType = sourcecode.c.objc; path = ViewController.m; sourceTree = "<group>"; };
		8AA1A7B819D3CEA9003CC840 /* Images.xcassets */ = {isa = PBXFileReference; lastKnownFileType = folder.assetcatalog; path = Images.xcassets; sourceTree = "<group>"; };
		8AA1A7BE19D3CEA9003CC840 /* collectionViewsTests.xctest */ = {isa = PBXFileReference; explicitFileType = wrapper.cfbundle; includeInIndex = 0; path = collectionViewsTests.xctest; sourceTree = BUILT_PRODUCTS_DIR; };
		8AA1A7BF19D3CEA9003CC840 /* XCTest.framework */ = {isa = PBXFileReference; lastKnownFileType = wrapper.framework; name = XCTest.framework; path = Library/Frameworks/XCTest.framework; sourceTree = DEVELOPER_DIR; };
		8AA1A7C719D3CEA9003CC840 /* collectionViewsTests-Info.plist */ = {isa = PBXFileReference; lastKnownFileType = text.plist.xml; path = "collectionViewsTests-Info.plist"; sourceTree = "<group>"; };
		8AA1A7C919D3CEA9003CC840 /* en */ = {isa = PBXFileReference; lastKnownFileType = text.plist.strings; name = en; path = en.lproj/InfoPlist.strings; sourceTree = "<group>"; };
		8AA1A7CB19D3CEA9003CC840 /* collectionViewsTests.m */ = {isa = PBXFileReference; lastKnownFileType = sourcecode.c.objc; path = collectionViewsTests.m; sourceTree = "<group>"; };
/* End PBXFileReference section */

/* Begin PBXFrameworksBuildPhase section */
		8AA1A79A19D3CEA9003CC840 /* Frameworks */ = {
			isa = PBXFrameworksBuildPhase;
			buildActionMask = 2147483647;
			files = (
				8AA1A7A319D3CEA9003CC840 /* CoreGraphics.framework in Frameworks */,
				8AA1A7A519D3CEA9003CC840 /* UIKit.framework in Frameworks */,
				8AA1A7A119D3CEA9003CC840 /* Foundation.framework in Frameworks */,
			);
			runOnlyForDeploymentPostprocessing = 0;
		};
		8AA1A7BB19D3CEA9003CC840 /* Frameworks */ = {
			isa = PBXFrameworksBuildPhase;
			buildActionMask = 2147483647;
			files = (
				8AA1A7C019D3CEA9003CC840 /* XCTest.framework in Frameworks */,
				8AA1A7C219D3CEA9003CC840 /* UIKit.framework in Frameworks */,
				8AA1A7C119D3CEA9003CC840 /* Foundation.framework in Frameworks */,
			);
			runOnlyForDeploymentPostprocessing = 0;
		};
/* End PBXFrameworksBuildPhase section */

/* Begin PBXGroup section */
		8AA1A79419D3CEA9003CC840 = {
			isa = PBXGroup;
			children = (
				8AA1A7A619D3CEA9003CC840 /* collectionViews */,
				8AA1A7C519D3CEA9003CC840 /* collectionViewsTests */,
				8AA1A79F19D3CEA9003CC840 /* Frameworks */,
				8AA1A79E19D3CEA9003CC840 /* Products */,
			);
			sourceTree = "<group>";
		};
		8AA1A79E19D3CEA9003CC840 /* Products */ = {
			isa = PBXGroup;
			children = (
				8AA1A79D19D3CEA9003CC840 /* collectionViews.app */,
				8AA1A7BE19D3CEA9003CC840 /* collectionViewsTests.xctest */,
			);
			name = Products;
			sourceTree = "<group>";
		};
		8AA1A79F19D3CEA9003CC840 /* Frameworks */ = {
			isa = PBXGroup;
			children = (
				8AA1A7A019D3CEA9003CC840 /* Foundation.framework */,
				8AA1A7A219D3CEA9003CC840 /* CoreGraphics.framework */,
				8AA1A7A419D3CEA9003CC840 /* UIKit.framework */,
				8AA1A7BF19D3CEA9003CC840 /* XCTest.framework */,
			);
			name = Frameworks;
			sourceTree = "<group>";
		};
		8AA1A7A619D3CEA9003CC840 /* collectionViews */ = {
			isa = PBXGroup;
			children = (
				8AA1A7AF19D3CEA9003CC840 /* AppDelegate.h */,
				8AA1A7B019D3CEA9003CC840 /* AppDelegate.m */,
				8AA1A7B219D3CEA9003CC840 /* Main.storyboard */,
				8AA1A7B519D3CEA9003CC840 /* ViewController.h */,
				8AA1A7B619D3CEA9003CC840 /* ViewController.m */,
				8AA1A7B819D3CEA9003CC840 /* Images.xcassets */,
				8AA1A7A719D3CEA9003CC840 /* Supporting Files */,
			);
			path = collectionViews;
			sourceTree = "<group>";
		};
		8AA1A7A719D3CEA9003CC840 /* Supporting Files */ = {
			isa = PBXGroup;
			children = (
				8AA1A7A819D3CEA9003CC840 /* collectionViews-Info.plist */,
				8AA1A7A919D3CEA9003CC840 /* InfoPlist.strings */,
				8AA1A7AC19D3CEA9003CC840 /* main.m */,
				8AA1A7AE19D3CEA9003CC840 /* collectionViews-Prefix.pch */,
			);
			name = "Supporting Files";
			sourceTree = "<group>";
		};
		8AA1A7C519D3CEA9003CC840 /* collectionViewsTests */ = {
			isa = PBXGroup;
			children = (
				8AA1A7CB19D3CEA9003CC840 /* collectionViewsTests.m */,
				8AA1A7C619D3CEA9003CC840 /* Supporting Files */,
			);
			path = collectionViewsTests;
			sourceTree = "<group>";
		};
		8AA1A7C619D3CEA9003CC840 /* Supporting Files */ = {
			isa = PBXGroup;
			children = (
				8AA1A7C719D3CEA9003CC840 /* collectionViewsTests-Info.plist */,
				8AA1A7C819D3CEA9003CC840 /* InfoPlist.strings */,
			);
			name = "Supporting Files";
			sourceTree = "<group>";
		};
/* End PBXGroup section */

/* Begin PBXNativeTarget section */
		8AA1A79C19D3CEA9003CC840 /* collectionViews */ = {
			isa = PBXNativeTarget;
			buildConfigurationList = 8AA1A7CF19D3CEA9003CC840 /* Build configuration list for PBXNativeTarget "collectionViews" */;
			buildPhases = (
				8AA1A79919D3CEA9003CC840 /* Sources */,
				8AA1A79A19D3CEA9003CC840 /* Frameworks */,
				8AA1A79B19D3CEA9003CC840 /* Resources */,
			);
			buildRules = (
			);
			dependencies = (
			);
			name = collectionViews;
			productName = collectionViews;
			productReference = 8AA1A79D19D3CEA9003CC840 /* collectionViews.app */;
			productType = "com.apple.product-type.application";
		};
		8AA1A7BD19D3CEA9003CC840 /* collectionViewsTests */ = {
			isa = PBXNativeTarget;
			buildConfigurationList = 8AA1A7D219D3CEA9003CC840 /* Build configuration list for PBXNativeTarget "collectionViewsTests" */;
			buildPhases = (
				8AA1A7BA19D3CEA9003CC840 /* Sources */,
				8AA1A7BB19D3CEA9003CC840 /* Frameworks */,
				8AA1A7BC19D3CEA9003CC840 /* Resources */,
			);
			buildRules = (
			);
			dependencies = (
				8AA1A7C419D3CEA9003CC840 /* PBXTargetDependency */,
			);
			name = collectionViewsTests;
			productName = collectionViewsTests;
			productReference = 8AA1A7BE19D3CEA9003CC840 /* collectionViewsTests.xctest */;
			productType = "com.apple.product-type.bundle.unit-test";
		};
/* End PBXNativeTarget section */

/* Begin PBXProject section */
		8AA1A79519D3CEA9003CC840 /* Project object */ = {
			isa = PBXProject;
			attributes = {
				LastUpgradeCheck = 0510;
				ORGANIZATIONNAME = paradigmcreatives;
				TargetAttributes = {
					8AA1A7BD19D3CEA9003CC840 = {
						TestTargetID = 8AA1A79C19D3CEA9003CC840;
					};
				};
			};
			buildConfigurationList = 8AA1A79819D3CEA9003CC840 /* Build configuration list for PBXProject "collectionViews" */;
			compatibilityVersion = "Xcode 3.2";
			developmentRegion = English;
			hasScannedForEncodings = 0;
			knownRegions = (
				en,
				Base,
			);
			mainGroup = 8AA1A79419D3CEA9003CC840;
			productRefGroup = 8AA1A79E19D3CEA9003CC840 /* Products */;
			projectDirPath = "";
			projectRoot = "";
			targets = (
				8AA1A79C19D3CEA9003CC840 /* collectionViews */,
				8AA1A7BD19D3CEA9003CC840 /* collectionViewsTests */,
			);
		};
/* End PBXProject section */

/* Begin PBXResourcesBuildPhase section */
		8AA1A79B19D3CEA9003CC840 /* Resources */ = {
			isa = PBXResourcesBuildPhase;
			buildActionMask = 2147483647;
			files = (
				8AA1A7B919D3CEA9003CC840 /* Images.xcassets in Resources */,
				8AA1A7AB19D3CEA9003CC840 /* InfoPlist.strings in Resources */,
				8AA1A7B419D3CEA9003CC840 /* Main.storyboard in Resources */,
			);
			runOnlyForDeploymentPostprocessing = 0;
		};
		8AA1A7BC19D3CEA9003CC840 /* Resources */ = {
			isa = PBXResourcesBuildPhase;
			buildActionMask = 2147483647;
			files = (
				8AA1A7CA19D3CEA9003CC840 /* InfoPlist.strings in Resources */,
			);
			runOnlyForDeploymentPostprocessing = 0;
		};
/* End PBXResourcesBuildPhase section */

/* Begin PBXSourcesBuildPhase section */
		8AA1A79919D3CEA9003CC840 /* Sources */ = {
			isa = PBXSourcesBuildPhase;
			buildActionMask = 2147483647;
			files = (
				8AA1A7B719D3CEA9003CC840 /* ViewController.m in Sources */,
				8AA1A7B119D3CEA9003CC840 /* AppDelegate.m in Sources */,
				8AA1A7AD19D3CEA9003CC840 /* main.m in Sources */,
			);
			runOnlyForDeploymentPostprocessing = 0;
		};
		8AA1A7BA19D3CEA9003CC840 /* Sources */ = {
			isa = PBXSourcesBuildPhase;
			buildActionMask = 2147483647;
			files = (
				8AA1A7CC19D3CEA9003CC840 /* collectionViewsTests.m in Sources */,
			);
			runOnlyForDeploymentPostprocessing = 0;
		};
/* End PBXSourcesBuildPhase section */

/* Begin PBXTargetDependency section */
		8AA1A7C419D3CEA9003CC840 /* PBXTargetDependency */ = {
			isa = PBXTargetDependency;
			target = 8AA1A79C19D3CEA9003CC840 /* collectionViews */;
			targetProxy = 8AA1A7C319D3CEA9003CC840 /* PBXContainerItemProxy */;
		};
/* End PBXTargetDependency section */

/* Begin PBXVariantGroup section */
		8AA1A7A919D3CEA9003CC840 /* InfoPlist.strings */ = {
			isa = PBXVariantGroup;
			children = (
				8AA1A7AA19D3CEA9003CC840 /* en */,
			);
			name = InfoPlist.strings;
			sourceTree = "<group>";
		};
		8AA1A7B219D3CEA9003CC840 /* Main.storyboard */ = {
			isa = PBXVariantGroup;
			children = (
				8AA1A7B319D3CEA9003CC840 /* Base */,
			);
			name = Main.storyboard;
			sourceTree = "<group>";
		};
		8AA1A7C819D3CEA9003CC840 /* InfoPlist.strings */ = {
			isa = PBXVariantGroup;
			children = (
				8AA1A7C919D3CEA9003CC840 /* en */,
			);
			name = InfoPlist.strings;
			sourceTree = "<group>";
		};
/* End PBXVariantGroup section */

/* Begin XCBuildConfiguration section */
		8AA1A7CD19D3CEA9003CC840 /* Debug */ = {
			isa = XCBuildConfiguration;
			buildSettings = {
				ALWAYS_SEARCH_USER_PATHS = NO;
				CLANG_CXX_LANGUAGE_STANDARD = "gnu++0x";
				CLANG_CXX_LIBRARY = "libc++";
				CLANG_ENABLE_MODULES = YES;
				CLANG_ENABLE_OBJC_ARC = YES;
				CLANG_WARN_BOOL_CONVERSION = YES;
				CLANG_WARN_CONSTANT_CONVERSION = YES;
				CLANG_WARN_DIRECT_OBJC_ISA_USAGE = YES_ERROR;
				CLANG_WARN_EMPTY_BODY = YES;
				CLANG_WARN_ENUM_CONVERSION = YES;
				CLANG_WARN_INT_CONVERSION = YES;
				CLANG_WARN_OBJC_ROOT_CLASS = YES_ERROR;
				CLANG_WARN__DUPLICATE_METHOD_MATCH = YES;
				"CODE_SIGN_IDENTITY[sdk=iphoneos*]" = "iPhone Developer";
				COPY_PHASE_STRIP = NO;
				GCC_C_LANGUAGE_STANDARD = gnu99;
				GCC_DYNAMIC_NO_PIC = NO;
				GCC_OPTIMIZATION_LEVEL = 0;
				GCC_PREPROCESSOR_DEFINITIONS = (
					"DEBUG=1",
					"$(inherited)",
				);
				GCC_SYMBOLS_PRIVATE_EXTERN = NO;
				GCC_WARN_64_TO_32_BIT_CONVERSION = YES;
				GCC_WARN_ABOUT_RETURN_TYPE = YES_ERROR;
				GCC_WARN_UNDECLARED_SELECTOR = YES;
				GCC_WARN_UNINITIALIZED_AUTOS = YES_AGGRESSIVE;
				GCC_WARN_UNUSED_FUNCTION = YES;
				GCC_WARN_UNUSED_VARIABLE = YES;
				IPHONEOS_DEPLOYMENT_TARGET = 7.1;
				ONLY_ACTIVE_ARCH = YES;
				SDKROOT = iphoneos;
			};
			name = Debug;
		};
		8AA1A7CE19D3CEA9003CC840 /* Release */ = {
			isa = XCBuildConfiguration;
			buildSettings = {
				ALWAYS_SEARCH_USER_PATHS = NO;
				CLANG_CXX_LANGUAGE_STANDARD = "gnu++0x";
				CLANG_CXX_LIBRARY = "libc++";
				CLANG_ENABLE_MODULES = YES;
				CLANG_ENABLE_OBJC_ARC = YES;
				CLANG_WARN_BOOL_CONVERSION = YES;
				CLANG_WARN_CONSTANT_CONVERSION = YES;
				CLANG_WARN_DIRECT_OBJC_ISA_USAGE = YES_ERROR;
				CLANG_WARN_EMPTY_BODY = YES;
				CLANG_WARN_ENUM_CONVERSION = YES;
				CLANG_WARN_INT_CONVERSION = YES;
				CLANG_WARN_OBJC_ROOT_CLASS = YES_ERROR;
				CLANG_WARN__DUPLICATE_METHOD_MATCH = YES;
				"CODE_SIGN_IDENTITY[sdk=iphoneos*]" = "iPhone Developer";
				COPY_PHASE_STRIP = YES;
				ENABLE_NS_ASSERTIONS = NO;
				GCC_C_LANGUAGE_STANDARD = gnu99;
				GCC_WARN_64_TO_32_BIT_CONVERSION = YES;
				GCC_WARN_ABOUT_RETURN_TYPE = YES_ERROR;
				GCC_WARN_UNDECLARED_SELECTOR = YES;
				GCC_WARN_UNINITIALIZED_AUTOS = YES_AGGRESSIVE;
				GCC_WARN_UNUSED_FUNCTION = YES;
				GCC_WARN_UNUSED_VARIABLE = YES;
				IPHONEOS_DEPLOYMENT_TARGET = 7.1;
				SDKROOT = iphoneos;
				VALIDATE_PRODUCT = YES;
			};
			name = Release;
		};
		8AA1A7D019D3CEA9003CC840 /* Debug */ = {
			isa = XCBuildConfiguration;
			buildSettings = {
				ASSETCATALOG_COMPILER_APPICON_NAME = AppIcon;
				ASSETCATALOG_COMPILER_LAUNCHIMAGE_NAME = LaunchImage;
				GCC_PRECOMPILE_PREFIX_HEADER = YES;
				GCC_PREFIX_HEADER = "collectionViews/collectionViews-Prefix.pch";
				INFOPLIST_FILE = "collectionViews/collectionViews-Info.plist";
				PRODUCT_NAME = "$(TARGET_NAME)";
				WRAPPER_EXTENSION = app;
			};
			name = Debug;
		};
		8AA1A7D119D3CEA9003CC840 /* Release */ = {
			isa = XCBuildConfiguration;
			buildSettings = {
				ASSETCATALOG_COMPILER_APPICON_NAME = AppIcon;
				ASSETCATALOG_COMPILER_LAUNCHIMAGE_NAME = LaunchImage;
				GCC_PRECOMPILE_PREFIX_HEADER = YES;
				GCC_PREFIX_HEADER = "collectionViews/collectionViews-Prefix.pch";
				INFOPLIST_FILE = "collectionViews/collectionViews-Info.plist";
				PRODUCT_NAME = "$(TARGET_NAME)";
				WRAPPER_EXTENSION = app;
			};
			name = Release;
		};
		8AA1A7D319D3CEA9003CC840 /* Debug */ = {
			isa = XCBuildConfiguration;
			buildSettings = {
				BUNDLE_LOADER = "$(BUILT_PRODUCTS_DIR)/collectionViews.app/collectionViews";
				FRAMEWORK_SEARCH_PATHS = (
					"$(SDKROOT)/Developer/Library/Frameworks",
					"$(inherited)",
					"$(DEVELOPER_FRAMEWORKS_DIR)",
				);
				GCC_PRECOMPILE_PREFIX_HEADER = YES;
				GCC_PREFIX_HEADER = "collectionViews/collectionViews-Prefix.pch";
				GCC_PREPROCESSOR_DEFINITIONS = (
					"DEBUG=1",
					"$(inherited)",
				);
				INFOPLIST_FILE = "collectionViewsTests/collectionViewsTests-Info.plist";
				PRODUCT_NAME = "$(TARGET_NAME)";
				TEST_HOST = "$(BUNDLE_LOADER)";
				WRAPPER_EXTENSION = xctest;
			};
			name = Debug;
		};
		8AA1A7D419D3CEA9003CC840 /* Release */ = {
			isa = XCBuildConfiguration;
			buildSettings = {
				BUNDLE_LOADER = "$(BUILT_PRODUCTS_DIR)/collectionViews.app/collectionViews";
				FRAMEWORK_SEARCH_PATHS = (
					"$(SDKROOT)/Developer/Library/Frameworks",
					"$(inherited)",
					"$(DEVELOPER_FRAMEWORKS_DIR)",
				);
				GCC_PRECOMPILE_PREFIX_HEADER = YES;
				GCC_PREFIX_HEADER = "collectionViews/collectionViews-Prefix.pch";
				INFOPLIST_FILE = "collectionViewsTests/collectionViewsTests-Info.plist";
				PRODUCT_NAME = "$(TARGET_NAME)";
				TEST_HOST = "$(BUNDLE_LOADER)";
				WRAPPER_EXTENSION = xctest;
			};
			name = Release;
		};
/* End XCBuildConfiguration section */

/* Begin XCConfigurationList section */
		8AA1A79819D3CEA9003CC840 /* Build configuration list for PBXProject "collectionViews" */ = {
			isa = XCConfigurationList;
			buildConfigurations = (
				8AA1A7CD19D3CEA9003CC840 /* Debug */,
				8AA1A7CE19D3CEA9003CC840 /* Release */,
			);
			defaultConfigurationIsVisible = 0;
			defaultConfigurationName = Release;
		};
		8AA1A7CF19D3CEA9003CC840 /* Build configuration list for PBXNativeTarget "collectionViews" */ = {
			isa = XCConfigurationList;
			buildConfigurations = (
				8AA1A7D019D3CEA9003CC840 /* Debug */,
				8AA1A7D119D3CEA9003CC840 /* Release */,
			);
			defaultConfigurationIsVisible = 0;
		};
		8AA1A7D219D3CEA9003CC840 /* Build configuration list for PBXNativeTarget "collectionViewsTests" */ = {
			isa = XCConfigurationList;
			buildConfigurations = (
				8AA1A7D319D3CEA9003CC840 /* Debug */,
				8AA1A7D419D3CEA9003CC840 /* Release */,
			);
			defaultConfigurationIsVisible = 0;
		};
/* End XCConfigurationList section */
	};
	rootObject = 8AA1A79519D3CEA9003CC840 /* Project object */;
}
